[[package]]
name = "alembic"
version = "1.4.2"
description = "A database migration tool for SQLAlchemy."
category = "main"
optional = false
python-versions = ">=2.7, !=3.0.*, !=3.1.*, !=3.2.*, !=3.3.*"

[package.dependencies]
Mako = "*"
python-dateutil = "*"
python-editor = ">=0.3"
SQLAlchemy = ">=1.1.0"

[[package]]
name = "appdirs"
version = "1.4.3"
description = "A small Python module for determining appropriate platform-specific dirs, e.g. a \"user data dir\"."
category = "dev"
optional = false
python-versions = "*"

[[package]]
name = "appnope"
version = "0.1.0"
description = "Disable App Nap on OS X 10.9"
category = "dev"
optional = false
python-versions = "*"

[[package]]
name = "attrs"
version = "19.3.0"
description = "Classes Without Boilerplate"
category = "main"
optional = false
python-versions = ">=2.7, !=3.0.*, !=3.1.*, !=3.2.*, !=3.3.*"

[package.extras]
azure-pipelines = ["coverage", "hypothesis", "pympler", "pytest (>=4.3.0)", "six", "zope.interface", "pytest-azurepipelines"]
dev = ["coverage", "hypothesis", "pympler", "pytest (>=4.3.0)", "six", "zope.interface", "sphinx", "pre-commit"]
docs = ["sphinx", "zope.interface"]
tests = ["coverage", "hypothesis", "pympler", "pytest (>=4.3.0)", "six", "zope.interface"]

[[package]]
name = "automat"
version = "20.2.0"
description = "Self-service finite-state machines for the programmer on the go."
category = "main"
optional = false
python-versions = "*"

[package.dependencies]
attrs = ">=19.2.0"
six = "*"

[package.extras]
visualize = ["graphviz (>0.5.1)", "Twisted (>=16.1.1)"]

[[package]]
name = "backcall"
version = "0.1.0"
description = "Specifications for callback functions passed in to an API"
category = "dev"
optional = false
python-versions = "*"

[[package]]
name = "black"
version = "19.10b0"
description = "The uncompromising code formatter."
category = "dev"
optional = false
python-versions = ">=3.6"

[package.dependencies]
appdirs = "*"
attrs = ">=18.1.0"
click = ">=6.5"
pathspec = ">=0.6,<1"
regex = "*"
toml = ">=0.9.4"
typed-ast = ">=1.4.0"

[package.extras]
d = ["aiohttp (>=3.3.2)", "aiohttp-cors"]

[[package]]
name = "cffi"
version = "1.14.0"
description = "Foreign Function Interface for Python calling C code."
category = "main"
optional = false
python-versions = "*"

[package.dependencies]
pycparser = "*"

[[package]]
name = "click"
version = "7.1.1"
description = "Composable command line interface toolkit"
category = "main"
optional = false
python-versions = ">=2.7, !=3.0.*, !=3.1.*, !=3.2.*, !=3.3.*, !=3.4.*"

[[package]]
name = "colorama"
version = "0.4.3"
description = "Cross-platform colored terminal text."
category = "dev"
optional = false
python-versions = ">=2.7, !=3.0.*, !=3.1.*, !=3.2.*, !=3.3.*, !=3.4.*"

[[package]]
name = "constantly"
version = "15.1.0"
description = "Symbolic constants in Python"
category = "main"
optional = false
python-versions = "*"

[[package]]
name = "cryptography"
version = "2.9"
description = "cryptography is a package which provides cryptographic recipes and primitives to Python developers."
category = "main"
optional = false
python-versions = ">=2.7,!=3.0.*,!=3.1.*,!=3.2.*,!=3.3.*,!=3.4.*"

[package.dependencies]
cffi = ">=1.8,<1.11.3 || >1.11.3"
six = ">=1.4.1"

[package.extras]
docs = ["sphinx (>=1.6.5,!=1.8.0)", "sphinx-rtd-theme"]
docstest = ["doc8", "pyenchant (>=1.6.11)", "twine (>=1.12.0)", "sphinxcontrib-spelling (>=4.0.1)"]
idna = ["idna (>=2.1)"]
pep8test = ["flake8", "flake8-import-order", "pep8-naming"]
test = ["pytest (>=3.6.0,!=3.9.0,!=3.9.1,!=3.9.2)", "pretend", "iso8601", "pytz", "hypothesis (>=1.11.4,!=3.79.2)"]

[[package]]
name = "cssselect"
version = "1.1.0"
description = "cssselect parses CSS3 Selectors and translates them to XPath 1.0"
category = "main"
optional = false
python-versions = ">=2.7, !=3.0.*, !=3.1.*, !=3.2.*, !=3.3.*"

[[package]]
name = "decorator"
version = "4.4.2"
description = "Decorators for Humans"
category = "dev"
optional = false
python-versions = ">=2.6, !=3.0.*, !=3.1.*"

[[package]]
name = "entrypoints"
version = "0.3"
description = "Discover and load entry points from installed packages."
category = "dev"
optional = false
python-versions = ">=2.7"

[[package]]
name = "flake8"
version = "3.7.9"
description = "the modular source code checker: pep8, pyflakes and co"
category = "dev"
optional = false
python-versions = ">=2.7, !=3.0.*, !=3.1.*, !=3.2.*, !=3.3.*"

[package.dependencies]
entrypoints = ">=0.3.0,<0.4.0"
mccabe = ">=0.6.0,<0.7.0"
pycodestyle = ">=2.5.0,<2.6.0"
pyflakes = ">=2.1.0,<2.2.0"

[[package]]
name = "flask"
version = "1.1.1"
description = "A simple framework for building complex web applications."
category = "main"
optional = false
python-versions = ">=2.7, !=3.0.*, !=3.1.*, !=3.2.*, !=3.3.*, !=3.4.*"

[package.dependencies]
click = ">=5.1"
itsdangerous = ">=0.24"
Jinja2 = ">=2.10.1"
Werkzeug = ">=0.15"

[package.extras]
dev = ["pytest", "coverage", "tox", "sphinx", "pallets-sphinx-themes", "sphinxcontrib-log-cabinet", "sphinx-issues"]
docs = ["sphinx", "pallets-sphinx-themes", "sphinxcontrib-log-cabinet", "sphinx-issues"]
dotenv = ["python-dotenv"]

[[package]]
name = "flask-admin"
version = "1.5.5"
description = "Simple and extensible admin interface framework for Flask"
category = "main"
optional = false
python-versions = "*"

[package.dependencies]
Flask = ">=0.7"
wtforms = "*"

[package.extras]
aws = ["boto"]
azure = ["azure-storage-blob"]

[[package]]
name = "flask-migrate"
version = "2.5.3"
description = "SQLAlchemy database migrations for Flask applications using Alembic"
category = "main"
optional = false
python-versions = "*"

[package.dependencies]
alembic = ">=0.7"
Flask = ">=0.9"
Flask-SQLAlchemy = ">=1.0"

[[package]]
name = "flask-sqlalchemy"
version = "2.4.1"
description = "Adds SQLAlchemy support to your Flask application."
category = "main"
optional = false
python-versions = ">= 2.7, != 3.0.*, != 3.1.*, != 3.2.*, != 3.3.*"

[package.dependencies]
Flask = ">=0.10"
SQLAlchemy = ">=0.8.0"

[[package]]
name = "gunicorn"
version = "20.0.4"
description = "WSGI HTTP Server for UNIX"
category = "main"
optional = false
python-versions = ">=3.4"

[package.extras]
eventlet = ["eventlet (>=0.9.7)"]
gevent = ["gevent (>=0.13)"]
setproctitle = ["setproctitle"]
tornado = ["tornado (>=0.2)"]

[[package]]
name = "hyperlink"
version = "19.0.0"
description = "A featureful, immutable, and correct URL for Python."
category = "main"
optional = false
python-versions = "*"

[package.dependencies]
idna = ">=2.5"

[[package]]
name = "idna"
version = "2.9"
description = "Internationalized Domain Names in Applications (IDNA)"
category = "main"
optional = false
python-versions = ">=2.7, !=3.0.*, !=3.1.*, !=3.2.*, !=3.3.*"

[[package]]
name = "incremental"
version = "17.5.0"
description = ""
category = "main"
optional = false
python-versions = "*"

[package.extras]
scripts = ["click (>=6.0)", "twisted (>=16.4.0)"]

[[package]]
name = "ipdb"
version = "0.13.2"
description = "IPython-enabled pdb"
category = "dev"
optional = false
python-versions = ">=2.7"

[package.dependencies]
ipython = {version = ">=5.1.0", markers = "python_version >= \"3.4\""}

[[package]]
name = "ipython"
version = "7.13.0"
description = "IPython: Productive Interactive Computing"
category = "dev"
optional = false
python-versions = ">=3.6"

[package.dependencies]
appnope = {version = "*", markers = "sys_platform == \"darwin\""}
backcall = "*"
colorama = {version = "*", markers = "sys_platform == \"win32\""}
decorator = "*"
jedi = ">=0.10"
pexpect = {version = "*", markers = "sys_platform != \"win32\""}
pickleshare = "*"
prompt-toolkit = ">=2.0.0,<3.0.0 || >3.0.0,<3.0.1 || >3.0.1,<3.1.0"
pygments = "*"
traitlets = ">=4.2"

[package.extras]
all = ["numpy (>=1.14)", "testpath", "notebook", "nose (>=0.10.1)", "nbconvert", "requests", "ipywidgets", "qtconsole", "ipyparallel", "Sphinx (>=1.3)", "pygments", "nbformat", "ipykernel"]
doc = ["Sphinx (>=1.3)"]
kernel = ["ipykernel"]
nbconvert = ["nbconvert"]
nbformat = ["nbformat"]
notebook = ["notebook", "ipywidgets"]
parallel = ["ipyparallel"]
qtconsole = ["qtconsole"]
test = ["nose (>=0.10.1)", "requests", "testpath", "pygments", "nbformat", "ipykernel", "numpy (>=1.14)"]

[[package]]
name = "ipython-genutils"
version = "0.2.0"
description = "Vestigial utilities from IPython"
category = "dev"
optional = false
python-versions = "*"

[[package]]
name = "itsdangerous"
version = "1.1.0"
description = "Various helpers to pass data to untrusted environments and back."
category = "main"
optional = false
python-versions = ">=2.7, !=3.0.*, !=3.1.*, !=3.2.*, !=3.3.*"

[[package]]
name = "jedi"
version = "0.16.0"
description = "An autocompletion tool for Python that can be used for text editors."
category = "dev"
optional = false
python-versions = ">=2.7, !=3.0.*, !=3.1.*, !=3.2.*, !=3.3.*"

[package.dependencies]
parso = ">=0.5.2"

[package.extras]
qa = ["flake8 (==3.7.9)"]
testing = ["colorama (==0.4.1)", "docopt", "pytest (>=3.9.0,<5.0.0)"]

[[package]]
name = "jinja2"
version = "2.11.1"
description = "A very fast and expressive template engine."
category = "main"
optional = false
python-versions = ">=2.7, !=3.0.*, !=3.1.*, !=3.2.*, !=3.3.*, !=3.4.*"

[package.dependencies]
MarkupSafe = ">=0.23"

[package.extras]
i18n = ["Babel (>=0.8)"]

[[package]]
name = "lxml"
version = "4.5.0"
description = "Powerful and Pythonic XML processing library combining libxml2/libxslt with the ElementTree API."
category = "main"
optional = false
python-versions = ">=2.7, !=3.0.*, !=3.1.*, !=3.2.*, !=3.3.*, != 3.4.*"

[package.extras]
cssselect = ["cssselect (>=0.7)"]
html5 = ["html5lib"]
htmlsoup = ["beautifulsoup4"]
source = ["Cython (>=0.29.7)"]

[[package]]
name = "mako"
version = "1.1.2"
description = "A super-fast templating language that borrows the  best ideas from the existing templating languages."
category = "main"
optional = false
python-versions = ">=2.7, !=3.0.*, !=3.1.*, !=3.2.*, !=3.3.*"

[package.dependencies]
MarkupSafe = ">=0.9.2"

[package.extras]
babel = ["babel"]
lingua = ["lingua"]

[[package]]
name = "markupsafe"
version = "1.1.1"
description = "Safely add untrusted strings to HTML/XML markup."
category = "main"
optional = false
python-versions = ">=2.7,!=3.0.*,!=3.1.*,!=3.2.*,!=3.3.*"

[[package]]
name = "mccabe"
version = "0.6.1"
description = "McCabe checker, plugin for flake8"
category = "dev"
optional = false
python-versions = "*"

[[package]]
name = "mypy"
version = "0.990"
description = "Optional static typing for Python"
category = "dev"
optional = false
python-versions = ">=3.7"

[package.dependencies]
mypy-extensions = ">=0.4.3"
tomli = {version = ">=1.1.0", markers = "python_version < \"3.11\""}
typing-extensions = ">=3.10"

[package.extras]
dmypy = ["psutil (>=4.0)"]
install-types = ["pip"]
python2 = ["typed-ast (>=1.4.0,<2)"]
reports = ["lxml"]

[[package]]
name = "mypy-extensions"
version = "0.4.3"
description = "Experimental type system extensions for programs checked with the mypy typechecker."
category = "dev"
optional = false
python-versions = "*"

[[package]]
name = "parsel"
version = "1.5.2"
description = "Parsel is a library to extract data from HTML and XML using XPath and CSS selectors"
category = "main"
optional = false
python-versions = "*"

[package.dependencies]
cssselect = ">=0.9"
lxml = {version = "*", markers = "python_version != \"3.4\""}
six = ">=1.5.2"
w3lib = ">=1.19.0"

[[package]]
name = "parso"
version = "0.6.2"
description = "A Python Parser"
category = "dev"
optional = false
python-versions = ">=2.7, !=3.0.*, !=3.1.*, !=3.2.*, !=3.3.*"

[package.extras]
testing = ["docopt", "pytest (>=3.0.7)"]

[[package]]
name = "pathspec"
version = "0.7.0"
description = "Utility library for gitignore style pattern matching of file paths."
category = "dev"
optional = false
python-versions = ">=2.7, !=3.0.*, !=3.1.*, !=3.2.*, !=3.3.*, !=3.4.*"

[[package]]
name = "pexpect"
version = "4.8.0"
description = "Pexpect allows easy control of interactive console applications."
category = "dev"
optional = false
python-versions = "*"

[package.dependencies]
ptyprocess = ">=0.5"

[[package]]
name = "pickleshare"
version = "0.7.5"
description = "Tiny 'shelve'-like database with concurrency support"
category = "dev"
optional = false
python-versions = "*"

[[package]]
name = "pillow"
version = "7.1.1"
description = "Python Imaging Library (Fork)"
category = "main"
optional = false
python-versions = ">=3.5"

[[package]]
name = "prompt-toolkit"
version = "3.0.5"
description = "Library for building powerful interactive command lines in Python"
category = "dev"
optional = false
python-versions = ">=3.6.1"

[package.dependencies]
wcwidth = "*"

[[package]]
name = "protego"
version = "0.1.16"
description = "Pure-Python robots.txt parser with support for modern conventions"
category = "main"
optional = false
python-versions = ">=2.7, !=3.0.*, !=3.1.*, !=3.2.*, !=3.3.*, !=3.4.*"

[package.dependencies]
six = "*"

[[package]]
name = "psycopg2"
version = "2.8.4"
description = "psycopg2 - Python-PostgreSQL Database Adapter"
category = "main"
optional = false
python-versions = ">=2.7,!=3.0.*,!=3.1.*,!=3.2.*,!=3.3.*"

[[package]]
name = "ptyprocess"
version = "0.6.0"
description = "Run a subprocess in a pseudo terminal"
category = "dev"
optional = false
python-versions = "*"

[[package]]
name = "pyasn1"
version = "0.4.8"
description = "ASN.1 types and codecs"
category = "main"
optional = false
python-versions = "*"

[[package]]
name = "pyasn1-modules"
version = "0.2.8"
description = "A collection of ASN.1-based protocols modules."
category = "main"
optional = false
python-versions = "*"

[package.dependencies]
pyasn1 = ">=0.4.6,<0.5.0"

[[package]]
name = "pycodestyle"
version = "2.5.0"
description = "Python style guide checker"
category = "dev"
optional = false
python-versions = ">=2.7, !=3.0.*, !=3.1.*, !=3.2.*, !=3.3.*"

[[package]]
name = "pycparser"
version = "2.20"
description = "C parser in Python"
category = "main"
optional = false
python-versions = ">=2.7, !=3.0.*, !=3.1.*, !=3.2.*, !=3.3.*"

[[package]]
name = "pydispatcher"
version = "2.0.5"
description = "Multi-producer-multi-consumer signal dispatching mechanism"
category = "main"
optional = false
python-versions = "*"

[[package]]
name = "pyflakes"
version = "2.1.1"
description = "passive checker of Python programs"
category = "dev"
optional = false
python-versions = ">=2.7, !=3.0.*, !=3.1.*, !=3.2.*, !=3.3.*"

[[package]]
name = "pygments"
version = "2.6.1"
description = "Pygments is a syntax highlighting package written in Python."
category = "dev"
optional = false
python-versions = ">=3.5"

[[package]]
name = "pyhamcrest"
version = "2.0.2"
description = "Hamcrest framework for matcher objects"
category = "main"
optional = false
python-versions = ">=3.5"

[[package]]
name = "pyopenssl"
version = "19.1.0"
description = "Python wrapper module around the OpenSSL library"
category = "main"
optional = false
python-versions = "*"

[package.dependencies]
cryptography = ">=2.8"
six = ">=1.5.2"

[package.extras]
docs = ["sphinx", "sphinx-rtd-theme"]
test = ["flaky", "pretend", "pytest (>=3.0.1)"]

[[package]]
name = "pypydispatcher"
version = "2.1.2"
description = "Multi-producer-multi-consumer signal dispatching mechanism"
category = "main"
optional = false
python-versions = "*"

[[package]]
name = "python-dateutil"
version = "2.8.1"
description = "Extensions to the standard Python datetime module"
category = "main"
optional = false
python-versions = "!=3.0.*,!=3.1.*,!=3.2.*,>=2.7"

[package.dependencies]
six = ">=1.5"

[[package]]
name = "python-editor"
version = "1.0.4"
description = "Programmatically open an editor, capture the result."
category = "main"
optional = false
python-versions = "*"

[[package]]
name = "queuelib"
version = "1.5.0"
description = "Collection of persistent (disk-based) queues"
category = "main"
optional = false
python-versions = "*"

[[package]]
name = "regex"
version = "2020.2.20"
description = "Alternative regular expression module, to replace re."
category = "dev"
optional = false
python-versions = "*"

[[package]]
name = "scrapy"
version = "2.0.1"
description = "A high-level Web Crawling and Web Scraping framework"
category = "main"
optional = false
python-versions = ">=3.5"

[package.dependencies]
cryptography = ">=2.0"
cssselect = ">=0.9.1"
lxml = ">=3.5.0"
parsel = ">=1.5.0"
protego = ">=0.1.15"
PyDispatcher = ">=2.0.5"
pyOpenSSL = ">=16.2.0"
PyPyDispatcher = {version = ">=2.1.0", markers = "platform_python_implementation == \"PyPy\""}
queuelib = ">=1.4.2"
service-identity = ">=16.0.0"
Twisted = ">=17.9.0"
w3lib = ">=1.17.0"
"zope.interface" = ">=4.1.3"

[[package]]
name = "service-identity"
version = "18.1.0"
description = "Service identity verification for pyOpenSSL & cryptography."
category = "main"
optional = false
python-versions = "*"

[package.dependencies]
attrs = ">=16.0.0"
cryptography = "*"
pyasn1 = "*"
pyasn1-modules = "*"

[package.extras]
dev = ["coverage (>=4.2.0)", "pytest", "sphinx", "idna", "pyopenssl"]
docs = ["sphinx"]
idna = ["idna"]
tests = ["coverage (>=4.2.0)", "pytest"]

[[package]]
name = "six"
version = "1.14.0"
description = "Python 2 and 3 compatibility utilities"
category = "main"
optional = false
python-versions = ">=2.7, !=3.0.*, !=3.1.*, !=3.2.*"

[[package]]
name = "sqlalchemy"
version = "1.3.15"
description = "Database Abstraction Library"
category = "main"
optional = false
python-versions = ">=2.7, !=3.0.*, !=3.1.*, !=3.2.*, !=3.3.*"

[package.extras]
mssql = ["pyodbc"]
mssql_pymssql = ["pymssql"]
mssql_pyodbc = ["pyodbc"]
mysql = ["mysqlclient"]
oracle = ["cx-oracle"]
postgresql = ["psycopg2"]
postgresql_pg8000 = ["pg8000"]
postgresql_psycopg2binary = ["psycopg2-binary"]
postgresql_psycopg2cffi = ["psycopg2cffi"]
pymysql = ["pymysql"]

[[package]]
name = "toml"
version = "0.10.0"
description = "Python Library for Tom's Obvious, Minimal Language"
category = "dev"
optional = false
python-versions = "*"

[[package]]
name = "tomli"
version = "2.0.1"
description = "A lil' TOML parser"
category = "dev"
optional = false
python-versions = ">=3.7"

[[package]]
name = "traitlets"
version = "4.3.3"
description = "Traitlets Python config system"
category = "dev"
optional = false
python-versions = "*"

[package.dependencies]
decorator = "*"
ipython-genutils = "*"
six = "*"

[package.extras]
test = ["pytest", "mock"]

[[package]]
name = "twisted"
version = "20.3.0"
description = "An asynchronous networking framework written in Python"
category = "main"
optional = false
python-versions = ">=2.7,!=3.0.*,!=3.1.*,!=3.2.*,!=3.3.*,!=3.4.*"

[package.dependencies]
attrs = ">=19.2.0"
Automat = ">=0.3.0"
constantly = ">=15.1"
hyperlink = ">=17.1.1"
incremental = ">=16.10.1"
PyHamcrest = ">=1.9.0,<1.10.0 || >1.10.0"
"zope.interface" = ">=4.4.2"

[package.extras]
all_non_platform = ["pyopenssl (>=16.0.0)", "service_identity (>=18.1.0)", "idna (>=0.6,!=2.3)", "pyasn1", "cryptography (>=2.5)", "appdirs (>=1.4.0)", "bcrypt (>=3.0.0)", "soappy", "pyserial (>=3.0)", "h2 (>=3.0,<4.0)", "priority (>=1.1.0,<2.0)", "pywin32 (!=226)"]
conch = ["pyasn1", "cryptography (>=2.5)", "appdirs (>=1.4.0)", "bcrypt (>=3.0.0)"]
dev = ["pyflakes (>=1.0.0)", "twisted-dev-tools (>=0.0.2)", "python-subunit", "sphinx (>=1.3.1)", "towncrier (>=17.4.0)"]
http2 = ["h2 (>=3.0,<4.0)", "priority (>=1.1.0,<2.0)"]
macos_platform = ["pyobjc-core", "pyobjc-framework-cfnetwork", "pyobjc-framework-cocoa", "pyopenssl (>=16.0.0)", "service_identity (>=18.1.0)", "idna (>=0.6,!=2.3)", "pyasn1", "cryptography (>=2.5)", "appdirs (>=1.4.0)", "bcrypt (>=3.0.0)", "soappy", "pyserial (>=3.0)", "h2 (>=3.0,<4.0)", "priority (>=1.1.0,<2.0)", "pywin32 (!=226)"]
osx_platform = ["pyobjc-core", "pyobjc-framework-cfnetwork", "pyobjc-framework-cocoa", "pyopenssl (>=16.0.0)", "service_identity (>=18.1.0)", "idna (>=0.6,!=2.3)", "pyasn1", "cryptography (>=2.5)", "appdirs (>=1.4.0)", "bcrypt (>=3.0.0)", "soappy", "pyserial (>=3.0)", "h2 (>=3.0,<4.0)", "priority (>=1.1.0,<2.0)", "pywin32 (!=226)"]
serial = ["pyserial (>=3.0)", "pywin32 (!=226)"]
soap = ["soappy"]
tls = ["pyopenssl (>=16.0.0)", "service_identity (>=18.1.0)", "idna (>=0.6,!=2.3)"]
windows_platform = ["pywin32 (!=226)", "pyopenssl (>=16.0.0)", "service_identity (>=18.1.0)", "idna (>=0.6,!=2.3)", "pyasn1", "cryptography (>=2.5)", "appdirs (>=1.4.0)", "bcrypt (>=3.0.0)", "soappy", "pyserial (>=3.0)", "h2 (>=3.0,<4.0)", "priority (>=1.1.0,<2.0)", "pywin32 (!=226)"]

[[package]]
name = "typed-ast"
version = "1.4.1"
description = "a fork of Python 2 and 3 ast modules with type comment support"
category = "dev"
optional = false
python-versions = "*"

[[package]]
name = "typing-extensions"
version = "4.4.0"
description = "Backported and Experimental Type Hints for Python 3.7+"
category = "dev"
optional = false
python-versions = ">=3.7"

[[package]]
name = "w3lib"
version = "1.21.0"
description = "Library of web-related functions"
category = "main"
optional = false
python-versions = "*"

[package.dependencies]
six = ">=1.4.1"

[[package]]
name = "wcwidth"
version = "0.1.9"
description = "Measures number of Terminal column cells of wide-character codes"
category = "dev"
optional = false
python-versions = "*"

[[package]]
name = "werkzeug"
version = "1.0.1"
description = "The comprehensive WSGI web application library."
category = "main"
optional = false
python-versions = ">=2.7, !=3.0.*, !=3.1.*, !=3.2.*, !=3.3.*, !=3.4.*"

[package.extras]
dev = ["pytest", "pytest-timeout", "coverage", "tox", "sphinx", "pallets-sphinx-themes", "sphinx-issues"]
watchdog = ["watchdog"]

[[package]]
name = "wtforms"
version = "2.2.1"
description = "A flexible forms validation and rendering library for Python web development."
category = "main"
optional = false
python-versions = "*"

[package.extras]
locale = ["Babel (>=1.3)"]

[[package]]
name = "zope.interface"
version = "5.0.2"
description = "Interfaces for Python"
category = "main"
optional = false
python-versions = ">=2.7, !=3.0.*, !=3.1.*, !=3.2.*, !=3.3.*, !=3.4.*"

[package.extras]
docs = ["sphinx", "repoze.sphinx.autointerface"]
test = ["coverage (>=5.0.3)", "zope.event", "zope.testing"]
testing = ["coverage (>=5.0.3)", "zope.event", "zope.testing"]

[metadata]
lock-version = "1.1"
python-versions = "^3.8"
content-hash = "ff8536c77a7dd143493b4b69498d8f20529fae52579e4791627ec56dd7dcdbd4"

[metadata.files]
alembic = []
appdirs = []
appnope = []
attrs = []
automat = []
backcall = []
black = []
cffi = []
click = []
colorama = []
constantly = []
cryptography = []
cssselect = []
decorator = []
entrypoints = []
flake8 = []
flask = []
flask-admin = []
flask-migrate = []
flask-sqlalchemy = []
gunicorn = []
hyperlink = []
idna = []
incremental = []
ipdb = []
ipython = []
ipython-genutils = []
itsdangerous = []
jedi = []
jinja2 = []
lxml = []
mako = []
markupsafe = []
mccabe = []
mypy = []
mypy-extensions = []
parsel = []
parso = []
pathspec = []
pexpect = [
    {file = "pexpect-4.8.0-py2.py3-none-any.whl", hash = "sha256:0b48a55dcb3c05f3329815901ea4fc1537514d6ba867a152b581d69ae3710937"},
    {file = "pexpect-4.8.0.tar.gz", hash = "sha256:fc65a43959d153d0114afe13997d439c22823a27cefceb5ff35c2178c6784c0c"},
]
pickleshare = [
    {file = "pickleshare-0.7.5-py2.py3-none-any.whl", hash = "sha256:9649af414d74d4df115d5d718f82acb59c9d418196b7b4290ed47a12ce62df56"},
    {file = "pickleshare-0.7.5.tar.gz", hash = "sha256:87683d47965c1da65cdacaf31c8441d12b8044cdec9aca500cd78fc2c683afca"},
]
pillow = []
prompt-toolkit = []
protego = []
psycopg2 = []
ptyprocess = []
pyasn1 = []
pyasn1-modules = []
pycodestyle = []
pycparser = []
pydispatcher = []
pyflakes = []
pygments = []
pyhamcrest = []
pyopenssl = []
pypydispatcher = []
python-dateutil = []
python-editor = []
queuelib = []
regex = []
scrapy = []
service-identity = []
six = []
sqlalchemy = []
toml = []
tomli = []
traitlets = []
twisted = []
typed-ast = []
typing-extensions = []
w3lib = []
wcwidth = []
werkzeug = []
wtforms = []
"zope.interface" = []
